
Microsoft Visual Studio Solution File, Format Version 12.00
Project("{FAE04EC0-301F-11D3-BF4B-00C04F79EFBC}") = "CongestionTaxApi", "CongestionTaxApi\CongestionTaxApi.csproj", "{65CB0696-663D-49B9-8C67-292E610CA912}"
EndProject
Project("{FAE04EC0-301F-11D3-BF4B-00C04F79EFBC}") = "CongestionTax.Tests", "CongestionTax.Tests\CongestionTax.Tests.csproj", "{BCEC22AB-D5F0-42DC-A995-9301DF3EB070}"
EndProject
Global
	GlobalSection(SolutionConfigurationPlatforms) = preSolution
		Debug|Any CPU = Debug|Any CPU
		Release|Any CPU = Release|Any CPU
	EndGlobalSection
	GlobalSection(ProjectConfigurationPlatforms) = postSolution
		{65CB0696-663D-49B9-8C67-292E610CA912}.Debug|Any CPU.ActiveCfg = Debug|Any CPU
		{65CB0696-663D-49B9-8C67-292E610CA912}.Debug|Any CPU.Build.0 = Debug|Any CPU
		{65CB0696-663D-49B9-8C67-292E610CA912}.Release|Any CPU.ActiveCfg = Release|Any CPU
		{65CB0696-663D-49B9-8C67-292E610CA912}.Release|Any CPU.Build.0 = Release|Any CPU
		{BCEC22AB-D5F0-42DC-A995-9301DF3EB070}.Debug|Any CPU.ActiveCfg = Debug|Any CPU
		{BCEC22AB-D5F0-42DC-A995-9301DF3EB070}.Debug|Any CPU.Build.0 = Debug|Any CPU
		{BCEC22AB-D5F0-42DC-A995-9301DF3EB070}.Release|Any CPU.ActiveCfg = Release|Any CPU
		{BCEC22AB-D5F0-42DC-A995-9301DF3EB070}.Release|Any CPU.Build.0 = Release|Any CPU
	EndGlobalSection
EndGlobal
